
Microsoft Visual Studio Solution File, Format Version 12.00
# Visual Studio 15
Project("{FAE04EC0-301F-11D3-BF4B-00C04F79EFBC}") = "SimpleRecursionExamples", "SimpleRecursionExamples\SimpleRecursionExamples.csproj", "{0B9002D8-F125-43F6-81C4-D7D1C43D1E5D}"
EndProject
Global
	GlobalSection(SolutionConfigurationPlatforms) = preSolution
		Debug|x86 = Debug|x86
		Release|x86 = Release|x86
	EndGlobalSection
	GlobalSection(ProjectConfigurationPlatforms) = postSolution
		{0B9002D8-F125-43F6-81C4-D7D1C43D1E5D}.Debug|x86.ActiveCfg = Debug|x86
		{0B9002D8-F125-43F6-81C4-D7D1C43D1E5D}.Debug|x86.Build.0 = Debug|x86
		{0B9002D8-F125-43F6-81C4-D7D1C43D1E5D}.Release|x86.ActiveCfg = Release|x86
		{0B9002D8-F125-43F6-81C4-D7D1C43D1E5D}.Release|x86.Build.0 = Release|x86
	EndGlobalSection
EndGlobal
